
Microsoft Visual Studio Solution File, Format Version 12.00
# Visual Studio Version 16
VisualStudioVersion = 16.0.31005.135
MinimumVisualStudioVersion = 10.0.40219.1
Project("{FAE04EC0-301F-11D3-BF4B-00C04F79EFBC}") = "ControlVee.Port.InventoryManagement.DutShop.Test", "ControlVee.Port.InventoryManagement.DutShop.Test\ControlVee.Port.InventoryManagement.DutShop.Test.csproj", "{8F558D57-6523-481A-9E8F-7D0152CB6811}"
EndProject
Global
	GlobalSection(SolutionConfigurationPlatforms) = preSolution
		Debug|Any CPU = Debug|Any CPU
		Release|Any CPU = Release|Any CPU
	EndGlobalSection
	GlobalSection(ProjectConfigurationPlatforms) = postSolution
		{8F558D57-6523-481A-9E8F-7D0152CB6811}.Debug|Any CPU.ActiveCfg = Debug|Any CPU
		{8F558D57-6523-481A-9E8F-7D0152CB6811}.Debug|Any CPU.Build.0 = Debug|Any CPU
		{8F558D57-6523-481A-9E8F-7D0152CB6811}.Release|Any CPU.ActiveCfg = Release|Any CPU
		{8F558D57-6523-481A-9E8F-7D0152CB6811}.Release|Any CPU.Build.0 = Release|Any CPU
	EndGlobalSection
	GlobalSection(SolutionProperties) = preSolution
		HideSolutionNode = FALSE
	EndGlobalSection
	GlobalSection(ExtensibilityGlobals) = postSolution
		SolutionGuid = {E53201B2-D10B-42B8-B956-99258922E580}
	EndGlobalSection
EndGlobal
